
Microsoft Visual Studio Solution File, Format Version 12.00
# Visual Studio Version 17
VisualStudioVersion = 17.4.33205.214
MinimumVisualStudioVersion = 10.0.40219.1
Project("{FAE04EC0-301F-11D3-BF4B-00C04F79EFBC}") = "CustomQueue", "CustomQueue\CustomQueue.csproj", "{CDA543AC-465D-438D-91C4-ADF03F7C7A7B}"
EndProject
Project("{FAE04EC0-301F-11D3-BF4B-00C04F79EFBC}") = "CustomStack", "CustomStack\CustomStack.csproj", "{C6D9AC55-56ED-472D-8CAE-06432C4B4822}"
EndProject
Global
	GlobalSection(SolutionConfigurationPlatforms) = preSolution
		Debug|Any CPU = Debug|Any CPU
		Release|Any CPU = Release|Any CPU
	EndGlobalSection
	GlobalSection(ProjectConfigurationPlatforms) = postSolution
		{CDA543AC-465D-438D-91C4-ADF03F7C7A7B}.Debug|Any CPU.ActiveCfg = Debug|Any CPU
		{CDA543AC-465D-438D-91C4-ADF03F7C7A7B}.Debug|Any CPU.Build.0 = Debug|Any CPU
		{CDA543AC-465D-438D-91C4-ADF03F7C7A7B}.Release|Any CPU.ActiveCfg = Release|Any CPU
		{CDA543AC-465D-438D-91C4-ADF03F7C7A7B}.Release|Any CPU.Build.0 = Release|Any CPU
		{C6D9AC55-56ED-472D-8CAE-06432C4B4822}.Debug|Any CPU.ActiveCfg = Debug|Any CPU
		{C6D9AC55-56ED-472D-8CAE-06432C4B4822}.Debug|Any CPU.Build.0 = Debug|Any CPU
		{C6D9AC55-56ED-472D-8CAE-06432C4B4822}.Release|Any CPU.ActiveCfg = Release|Any CPU
		{C6D9AC55-56ED-472D-8CAE-06432C4B4822}.Release|Any CPU.Build.0 = Release|Any CPU
	EndGlobalSection
	GlobalSection(SolutionProperties) = preSolution
		HideSolutionNode = FALSE
	EndGlobalSection
	GlobalSection(ExtensibilityGlobals) = postSolution
		SolutionGuid = {ED0D0138-B8AA-4F91-B57E-03E2F3B2599C}
	EndGlobalSection
EndGlobal
