
Microsoft Visual Studio Solution File, Format Version 12.00
# Visual Studio Version 17
VisualStudioVersion = 17.4.33205.214
MinimumVisualStudioVersion = 10.0.40219.1
Project("{FAE04EC0-301F-11D3-BF4B-00C04F79EFBC}") = "SoftUni", "SoftUni\SoftUni.csproj", "{F960538C-0449-4C73-A44D-DA5011FC7DD4}"
EndProject
Global
	GlobalSection(SolutionConfigurationPlatforms) = preSolution
		Debug|Any CPU = Debug|Any CPU
		Release|Any CPU = Release|Any CPU
	EndGlobalSection
	GlobalSection(ProjectConfigurationPlatforms) = postSolution
		{F960538C-0449-4C73-A44D-DA5011FC7DD4}.Debug|Any CPU.ActiveCfg = Debug|Any CPU
		{F960538C-0449-4C73-A44D-DA5011FC7DD4}.Debug|Any CPU.Build.0 = Debug|Any CPU
		{F960538C-0449-4C73-A44D-DA5011FC7DD4}.Release|Any CPU.ActiveCfg = Release|Any CPU
		{F960538C-0449-4C73-A44D-DA5011FC7DD4}.Release|Any CPU.Build.0 = Release|Any CPU
	EndGlobalSection
	GlobalSection(SolutionProperties) = preSolution
		HideSolutionNode = FALSE
	EndGlobalSection
	GlobalSection(ExtensibilityGlobals) = postSolution
		SolutionGuid = {FDD8B104-74F6-433E-925A-AE534773D98D}
	EndGlobalSection
EndGlobal
