
Microsoft Visual Studio Solution File, Format Version 12.00
# Visual Studio Version 17
VisualStudioVersion = 17.4.33205.214
MinimumVisualStudioVersion = 10.0.40219.1
Project("{FAE04EC0-301F-11D3-BF4B-00C04F79EFBC}") = "IteratorsAndComparators", "IteratorsAndComparators\IteratorsAndComparators.csproj", "{B8CD81DB-BF3F-4BD8-84A5-718D7D8D96BD}"
EndProject
Global
	GlobalSection(SolutionConfigurationPlatforms) = preSolution
		Debug|Any CPU = Debug|Any CPU
		Release|Any CPU = Release|Any CPU
	EndGlobalSection
	GlobalSection(ProjectConfigurationPlatforms) = postSolution
		{B8CD81DB-BF3F-4BD8-84A5-718D7D8D96BD}.Debug|Any CPU.ActiveCfg = Debug|Any CPU
		{B8CD81DB-BF3F-4BD8-84A5-718D7D8D96BD}.Debug|Any CPU.Build.0 = Debug|Any CPU
		{B8CD81DB-BF3F-4BD8-84A5-718D7D8D96BD}.Release|Any CPU.ActiveCfg = Release|Any CPU
		{B8CD81DB-BF3F-4BD8-84A5-718D7D8D96BD}.Release|Any CPU.Build.0 = Release|Any CPU
	EndGlobalSection
	GlobalSection(SolutionProperties) = preSolution
		HideSolutionNode = FALSE
	EndGlobalSection
	GlobalSection(ExtensibilityGlobals) = postSolution
		SolutionGuid = {A44EB9B1-F636-4FFA-A472-DD998BB22BB5}
	EndGlobalSection
EndGlobal
