
Microsoft Visual Studio Solution File, Format Version 12.00
# Visual Studio Version 17
VisualStudioVersion = 17.4.33205.214
MinimumVisualStudioVersion = 10.0.40219.1
Project("{FAE04EC0-301F-11D3-BF4B-00C04F79EFBC}") = "1. Count Same Values in Array", "1. Count Same Values in Array\1. Count Same Values in Array.csproj", "{1E08E09E-B954-4E31-A658-A4D2DF9C6498}"
EndProject
Project("{FAE04EC0-301F-11D3-BF4B-00C04F79EFBC}") = "2. Average Student Grades", "..\2. Average Student Grades\2. Average Student Grades.csproj", "{5886FC5B-A703-4648-A0DF-D5DF9385DE71}"
EndProject
Project("{FAE04EC0-301F-11D3-BF4B-00C04F79EFBC}") = "3. Largest 3 Numbers", "..\3. Largest 3 Numbers\3. Largest 3 Numbers.csproj", "{EF3C70F4-07FE-4D77-AD1D-2E8C439A361D}"
EndProject
Project("{FAE04EC0-301F-11D3-BF4B-00C04F79EFBC}") = "4. Product Shop", "..\4. Product Shop\4. Product Shop.csproj", "{6C8E6CF8-BD08-46D7-A108-329ECBF2D2F4}"
EndProject
Project("{FAE04EC0-301F-11D3-BF4B-00C04F79EFBC}") = "5. Cities by Continent and Country", "..\5. Cities by Continent and Country\5. Cities by Continent and Country.csproj", "{68F4DE30-F23B-43A0-AAA6-429F2458814A}"
EndProject
Project("{FAE04EC0-301F-11D3-BF4B-00C04F79EFBC}") = "6. Record Unique Names", "..\6. Record Unique Names\6. Record Unique Names.csproj", "{7B524019-D597-4C97-A918-6EFA5DA6599F}"
EndProject
Project("{FAE04EC0-301F-11D3-BF4B-00C04F79EFBC}") = "7. Parking Lot", "..\7. Parking Lot\7. Parking Lot.csproj", "{681C52C7-A807-4B02-A20C-B9C3286FC4E2}"
EndProject
Project("{FAE04EC0-301F-11D3-BF4B-00C04F79EFBC}") = "8. SoftUni Party", "..\8. SoftUni Party\8. SoftUni Party.csproj", "{4379241B-B2CC-43CD-A885-6215B4F1ACF9}"
EndProject
Global
	GlobalSection(SolutionConfigurationPlatforms) = preSolution
		Debug|Any CPU = Debug|Any CPU
		Release|Any CPU = Release|Any CPU
	EndGlobalSection
	GlobalSection(ProjectConfigurationPlatforms) = postSolution
		{1E08E09E-B954-4E31-A658-A4D2DF9C6498}.Debug|Any CPU.ActiveCfg = Debug|Any CPU
		{1E08E09E-B954-4E31-A658-A4D2DF9C6498}.Debug|Any CPU.Build.0 = Debug|Any CPU
		{1E08E09E-B954-4E31-A658-A4D2DF9C6498}.Release|Any CPU.ActiveCfg = Release|Any CPU
		{1E08E09E-B954-4E31-A658-A4D2DF9C6498}.Release|Any CPU.Build.0 = Release|Any CPU
		{5886FC5B-A703-4648-A0DF-D5DF9385DE71}.Debug|Any CPU.ActiveCfg = Debug|Any CPU
		{5886FC5B-A703-4648-A0DF-D5DF9385DE71}.Debug|Any CPU.Build.0 = Debug|Any CPU
		{5886FC5B-A703-4648-A0DF-D5DF9385DE71}.Release|Any CPU.ActiveCfg = Release|Any CPU
		{5886FC5B-A703-4648-A0DF-D5DF9385DE71}.Release|Any CPU.Build.0 = Release|Any CPU
		{EF3C70F4-07FE-4D77-AD1D-2E8C439A361D}.Debug|Any CPU.ActiveCfg = Debug|Any CPU
		{EF3C70F4-07FE-4D77-AD1D-2E8C439A361D}.Debug|Any CPU.Build.0 = Debug|Any CPU
		{EF3C70F4-07FE-4D77-AD1D-2E8C439A361D}.Release|Any CPU.ActiveCfg = Release|Any CPU
		{EF3C70F4-07FE-4D77-AD1D-2E8C439A361D}.Release|Any CPU.Build.0 = Release|Any CPU
		{6C8E6CF8-BD08-46D7-A108-329ECBF2D2F4}.Debug|Any CPU.ActiveCfg = Debug|Any CPU
		{6C8E6CF8-BD08-46D7-A108-329ECBF2D2F4}.Debug|Any CPU.Build.0 = Debug|Any CPU
		{6C8E6CF8-BD08-46D7-A108-329ECBF2D2F4}.Release|Any CPU.ActiveCfg = Release|Any CPU
		{6C8E6CF8-BD08-46D7-A108-329ECBF2D2F4}.Release|Any CPU.Build.0 = Release|Any CPU
		{68F4DE30-F23B-43A0-AAA6-429F2458814A}.Debug|Any CPU.ActiveCfg = Debug|Any CPU
		{68F4DE30-F23B-43A0-AAA6-429F2458814A}.Debug|Any CPU.Build.0 = Debug|Any CPU
		{68F4DE30-F23B-43A0-AAA6-429F2458814A}.Release|Any CPU.ActiveCfg = Release|Any CPU
		{68F4DE30-F23B-43A0-AAA6-429F2458814A}.Release|Any CPU.Build.0 = Release|Any CPU
		{7B524019-D597-4C97-A918-6EFA5DA6599F}.Debug|Any CPU.ActiveCfg = Debug|Any CPU
		{7B524019-D597-4C97-A918-6EFA5DA6599F}.Debug|Any CPU.Build.0 = Debug|Any CPU
		{7B524019-D597-4C97-A918-6EFA5DA6599F}.Release|Any CPU.ActiveCfg = Release|Any CPU
		{7B524019-D597-4C97-A918-6EFA5DA6599F}.Release|Any CPU.Build.0 = Release|Any CPU
		{681C52C7-A807-4B02-A20C-B9C3286FC4E2}.Debug|Any CPU.ActiveCfg = Debug|Any CPU
		{681C52C7-A807-4B02-A20C-B9C3286FC4E2}.Debug|Any CPU.Build.0 = Debug|Any CPU
		{681C52C7-A807-4B02-A20C-B9C3286FC4E2}.Release|Any CPU.ActiveCfg = Release|Any CPU
		{681C52C7-A807-4B02-A20C-B9C3286FC4E2}.Release|Any CPU.Build.0 = Release|Any CPU
		{4379241B-B2CC-43CD-A885-6215B4F1ACF9}.Debug|Any CPU.ActiveCfg = Debug|Any CPU
		{4379241B-B2CC-43CD-A885-6215B4F1ACF9}.Debug|Any CPU.Build.0 = Debug|Any CPU
		{4379241B-B2CC-43CD-A885-6215B4F1ACF9}.Release|Any CPU.ActiveCfg = Release|Any CPU
		{4379241B-B2CC-43CD-A885-6215B4F1ACF9}.Release|Any CPU.Build.0 = Release|Any CPU
	EndGlobalSection
	GlobalSection(SolutionProperties) = preSolution
		HideSolutionNode = FALSE
	EndGlobalSection
	GlobalSection(ExtensibilityGlobals) = postSolution
		SolutionGuid = {2DB0BB57-1511-4655-808F-22B2AA0468A5}
	EndGlobalSection
EndGlobal
