
Microsoft Visual Studio Solution File, Format Version 12.00
# Visual Studio Version 17
VisualStudioVersion = 17.4.33205.214
MinimumVisualStudioVersion = 10.0.40219.1
Project("{9A19103F-16F7-4668-BE54-9A1E7A4F7556}") = "AnimalFarm", "AnimalFarm.csproj", "{4323BBF7-310E-4774-A9CB-E9EAD8127B8A}"
EndProject
Global
	GlobalSection(SolutionConfigurationPlatforms) = preSolution
		Debug|Any CPU = Debug|Any CPU
		Release|Any CPU = Release|Any CPU
	EndGlobalSection
	GlobalSection(ProjectConfigurationPlatforms) = postSolution
		{4323BBF7-310E-4774-A9CB-E9EAD8127B8A}.Debug|Any CPU.ActiveCfg = Debug|Any CPU
		{4323BBF7-310E-4774-A9CB-E9EAD8127B8A}.Debug|Any CPU.Build.0 = Debug|Any CPU
		{4323BBF7-310E-4774-A9CB-E9EAD8127B8A}.Release|Any CPU.ActiveCfg = Release|Any CPU
		{4323BBF7-310E-4774-A9CB-E9EAD8127B8A}.Release|Any CPU.Build.0 = Release|Any CPU
	EndGlobalSection
	GlobalSection(SolutionProperties) = preSolution
		HideSolutionNode = FALSE
	EndGlobalSection
	GlobalSection(ExtensibilityGlobals) = postSolution
		SolutionGuid = {944B1B59-001F-4390-B3DD-BDE43B5D8A3F}
	EndGlobalSection
EndGlobal
