
Microsoft Visual Studio Solution File, Format Version 12.00
# Visual Studio Version 17
VisualStudioVersion = 17.4.33205.214
MinimumVisualStudioVersion = 10.0.40219.1
Project("{FAE04EC0-301F-11D3-BF4B-00C04F79EFBC}") = "ProductTrackingSystem", "ProductTrackingSystem\ProductTrackingSystem.csproj", "{039545BF-1F56-4439-A473-94E065B77252}"
EndProject
Project("{FAE04EC0-301F-11D3-BF4B-00C04F79EFBC}") = "StockTrackerTester", "StockTrackerTester\StockTrackerTester.csproj", "{4D56B41E-B276-4285-B54C-8CEE887A8BD3}"
EndProject
Global
	GlobalSection(SolutionConfigurationPlatforms) = preSolution
		Debug|Any CPU = Debug|Any CPU
		Release|Any CPU = Release|Any CPU
	EndGlobalSection
	GlobalSection(ProjectConfigurationPlatforms) = postSolution
		{039545BF-1F56-4439-A473-94E065B77252}.Debug|Any CPU.ActiveCfg = Debug|Any CPU
		{039545BF-1F56-4439-A473-94E065B77252}.Debug|Any CPU.Build.0 = Debug|Any CPU
		{039545BF-1F56-4439-A473-94E065B77252}.Release|Any CPU.ActiveCfg = Release|Any CPU
		{039545BF-1F56-4439-A473-94E065B77252}.Release|Any CPU.Build.0 = Release|Any CPU
		{4D56B41E-B276-4285-B54C-8CEE887A8BD3}.Debug|Any CPU.ActiveCfg = Debug|Any CPU
		{4D56B41E-B276-4285-B54C-8CEE887A8BD3}.Debug|Any CPU.Build.0 = Debug|Any CPU
		{4D56B41E-B276-4285-B54C-8CEE887A8BD3}.Release|Any CPU.ActiveCfg = Release|Any CPU
		{4D56B41E-B276-4285-B54C-8CEE887A8BD3}.Release|Any CPU.Build.0 = Release|Any CPU
	EndGlobalSection
	GlobalSection(SolutionProperties) = preSolution
		HideSolutionNode = FALSE
	EndGlobalSection
	GlobalSection(ExtensibilityGlobals) = postSolution
		SolutionGuid = {1B8A66BD-A723-4375-9392-8CDA1165C256}
	EndGlobalSection
EndGlobal
