
Microsoft Visual Studio Solution File, Format Version 12.00
# Visual Studio Version 17
VisualStudioVersion = 17.4.33205.214
MinimumVisualStudioVersion = 10.0.40219.1
Project("{FAE04EC0-301F-11D3-BF4B-00C04F79EFBC}") = "Shapes", "Shapes\Shapes.csproj", "{01D156F9-120E-4B1E-B5CC-699B3BBD3E1A}"
EndProject
Project("{FAE04EC0-301F-11D3-BF4B-00C04F79EFBC}") = "Cars", "..\Cars\Cars.csproj", "{72236C3A-B2C3-4735-8886-94A8CD0464C8}"
EndProject
Global
	GlobalSection(SolutionConfigurationPlatforms) = preSolution
		Debug|Any CPU = Debug|Any CPU
		Release|Any CPU = Release|Any CPU
	EndGlobalSection
	GlobalSection(ProjectConfigurationPlatforms) = postSolution
		{01D156F9-120E-4B1E-B5CC-699B3BBD3E1A}.Debug|Any CPU.ActiveCfg = Debug|Any CPU
		{01D156F9-120E-4B1E-B5CC-699B3BBD3E1A}.Debug|Any CPU.Build.0 = Debug|Any CPU
		{01D156F9-120E-4B1E-B5CC-699B3BBD3E1A}.Release|Any CPU.ActiveCfg = Release|Any CPU
		{01D156F9-120E-4B1E-B5CC-699B3BBD3E1A}.Release|Any CPU.Build.0 = Release|Any CPU
		{72236C3A-B2C3-4735-8886-94A8CD0464C8}.Debug|Any CPU.ActiveCfg = Debug|Any CPU
		{72236C3A-B2C3-4735-8886-94A8CD0464C8}.Debug|Any CPU.Build.0 = Debug|Any CPU
		{72236C3A-B2C3-4735-8886-94A8CD0464C8}.Release|Any CPU.ActiveCfg = Release|Any CPU
		{72236C3A-B2C3-4735-8886-94A8CD0464C8}.Release|Any CPU.Build.0 = Release|Any CPU
	EndGlobalSection
	GlobalSection(SolutionProperties) = preSolution
		HideSolutionNode = FALSE
	EndGlobalSection
	GlobalSection(ExtensibilityGlobals) = postSolution
		SolutionGuid = {D039BECA-3D3D-4C48-8549-6800812D7D1B}
	EndGlobalSection
EndGlobal
