
Microsoft Visual Studio Solution File, Format Version 12.00
# Visual Studio Version 17
VisualStudioVersion = 17.4.33205.214
MinimumVisualStudioVersion = 10.0.40219.1
Project("{9A19103F-16F7-4668-BE54-9A1E7A4F7556}") = "CustomStack", "CustomStack.csproj", "{3C1F7DD2-ECF9-4F5A-BB68-2C5836E5EF10}"
EndProject
Global
	GlobalSection(SolutionConfigurationPlatforms) = preSolution
		Debug|Any CPU = Debug|Any CPU
		Release|Any CPU = Release|Any CPU
	EndGlobalSection
	GlobalSection(ProjectConfigurationPlatforms) = postSolution
		{3C1F7DD2-ECF9-4F5A-BB68-2C5836E5EF10}.Debug|Any CPU.ActiveCfg = Debug|Any CPU
		{3C1F7DD2-ECF9-4F5A-BB68-2C5836E5EF10}.Debug|Any CPU.Build.0 = Debug|Any CPU
		{3C1F7DD2-ECF9-4F5A-BB68-2C5836E5EF10}.Release|Any CPU.ActiveCfg = Release|Any CPU
		{3C1F7DD2-ECF9-4F5A-BB68-2C5836E5EF10}.Release|Any CPU.Build.0 = Release|Any CPU
	EndGlobalSection
	GlobalSection(SolutionProperties) = preSolution
		HideSolutionNode = FALSE
	EndGlobalSection
	GlobalSection(ExtensibilityGlobals) = postSolution
		SolutionGuid = {924CB34A-B75B-424D-8485-06C9D7C9328F}
	EndGlobalSection
EndGlobal
