
Microsoft Visual Studio Solution File, Format Version 12.00
# Visual Studio Version 17
VisualStudioVersion = 17.4.33205.214
MinimumVisualStudioVersion = 10.0.40219.1
Project("{FAE04EC0-301F-11D3-BF4B-00C04F79EFBC}") = "ADO.NET", "ADO.NET\ADO.NET.csproj", "{090AACC6-F88C-4C43-A641-09B542FC0A7B}"
EndProject
Global
	GlobalSection(SolutionConfigurationPlatforms) = preSolution
		Debug|Any CPU = Debug|Any CPU
		Release|Any CPU = Release|Any CPU
	EndGlobalSection
	GlobalSection(ProjectConfigurationPlatforms) = postSolution
		{090AACC6-F88C-4C43-A641-09B542FC0A7B}.Debug|Any CPU.ActiveCfg = Debug|Any CPU
		{090AACC6-F88C-4C43-A641-09B542FC0A7B}.Debug|Any CPU.Build.0 = Debug|Any CPU
		{090AACC6-F88C-4C43-A641-09B542FC0A7B}.Release|Any CPU.ActiveCfg = Release|Any CPU
		{090AACC6-F88C-4C43-A641-09B542FC0A7B}.Release|Any CPU.Build.0 = Release|Any CPU
	EndGlobalSection
	GlobalSection(SolutionProperties) = preSolution
		HideSolutionNode = FALSE
	EndGlobalSection
	GlobalSection(ExtensibilityGlobals) = postSolution
		SolutionGuid = {034251FD-E390-4791-A7B6-A3B9664A1B76}
	EndGlobalSection
EndGlobal
