
Microsoft Visual Studio Solution File, Format Version 12.00
# Visual Studio Version 17
VisualStudioVersion = 17.4.33205.214
MinimumVisualStudioVersion = 10.0.40219.1
Project("{FAE04EC0-301F-11D3-BF4B-00C04F79EFBC}") = "P01_StudentSystem", "P01_StudentSystem\P01_StudentSystem.csproj", "{6248CEDD-67E4-41B8-8467-48773D52610E}"
EndProject
Global
	GlobalSection(SolutionConfigurationPlatforms) = preSolution
		Debug|Any CPU = Debug|Any CPU
		Release|Any CPU = Release|Any CPU
	EndGlobalSection
	GlobalSection(ProjectConfigurationPlatforms) = postSolution
		{6248CEDD-67E4-41B8-8467-48773D52610E}.Debug|Any CPU.ActiveCfg = Debug|Any CPU
		{6248CEDD-67E4-41B8-8467-48773D52610E}.Debug|Any CPU.Build.0 = Debug|Any CPU
		{6248CEDD-67E4-41B8-8467-48773D52610E}.Release|Any CPU.ActiveCfg = Release|Any CPU
		{6248CEDD-67E4-41B8-8467-48773D52610E}.Release|Any CPU.Build.0 = Release|Any CPU
	EndGlobalSection
	GlobalSection(SolutionProperties) = preSolution
		HideSolutionNode = FALSE
	EndGlobalSection
	GlobalSection(ExtensibilityGlobals) = postSolution
		SolutionGuid = {7F0AD6E0-D0A1-4B47-A5B3-CE718E7C69DA}
	EndGlobalSection
EndGlobal
