
Microsoft Visual Studio Solution File, Format Version 12.00
# Visual Studio Version 17
VisualStudioVersion = 17.4.33205.214
MinimumVisualStudioVersion = 10.0.40219.1
Project("{FAE04EC0-301F-11D3-BF4B-00C04F79EFBC}") = "Vehicles", "Vehicles\Vehicles.csproj", "{73C122C8-DDA6-45E6-B4FA-E1A278F83DFC}"
EndProject
Global
	GlobalSection(SolutionConfigurationPlatforms) = preSolution
		Debug|Any CPU = Debug|Any CPU
		Release|Any CPU = Release|Any CPU
	EndGlobalSection
	GlobalSection(ProjectConfigurationPlatforms) = postSolution
		{73C122C8-DDA6-45E6-B4FA-E1A278F83DFC}.Debug|Any CPU.ActiveCfg = Debug|Any CPU
		{73C122C8-DDA6-45E6-B4FA-E1A278F83DFC}.Debug|Any CPU.Build.0 = Debug|Any CPU
		{73C122C8-DDA6-45E6-B4FA-E1A278F83DFC}.Release|Any CPU.ActiveCfg = Release|Any CPU
		{73C122C8-DDA6-45E6-B4FA-E1A278F83DFC}.Release|Any CPU.Build.0 = Release|Any CPU
	EndGlobalSection
	GlobalSection(SolutionProperties) = preSolution
		HideSolutionNode = FALSE
	EndGlobalSection
	GlobalSection(ExtensibilityGlobals) = postSolution
		SolutionGuid = {D3E83D25-F22E-4DD2-8ED5-010E258DFB01}
	EndGlobalSection
EndGlobal
