
Microsoft Visual Studio Solution File, Format Version 12.00
# Visual Studio Version 17
VisualStudioVersion = 17.4.33205.214
MinimumVisualStudioVersion = 10.0.40219.1
Project("{FAE04EC0-301F-11D3-BF4B-00C04F79EFBC}") = "CustomLogger", "Logger\CustomLogger.csproj", "{BA6EAA53-14DD-48F2-8E3E-11B1903317DA}"
EndProject
Global
	GlobalSection(SolutionConfigurationPlatforms) = preSolution
		Debug|Any CPU = Debug|Any CPU
		Release|Any CPU = Release|Any CPU
	EndGlobalSection
	GlobalSection(ProjectConfigurationPlatforms) = postSolution
		{BA6EAA53-14DD-48F2-8E3E-11B1903317DA}.Debug|Any CPU.ActiveCfg = Debug|Any CPU
		{BA6EAA53-14DD-48F2-8E3E-11B1903317DA}.Debug|Any CPU.Build.0 = Debug|Any CPU
		{BA6EAA53-14DD-48F2-8E3E-11B1903317DA}.Release|Any CPU.ActiveCfg = Release|Any CPU
		{BA6EAA53-14DD-48F2-8E3E-11B1903317DA}.Release|Any CPU.Build.0 = Release|Any CPU
	EndGlobalSection
	GlobalSection(SolutionProperties) = preSolution
		HideSolutionNode = FALSE
	EndGlobalSection
	GlobalSection(ExtensibilityGlobals) = postSolution
		SolutionGuid = {F623980B-C69B-438B-9288-48BA0803FBC8}
	EndGlobalSection
EndGlobal
